dependencies:
- name: kube-prometheus-stack
  repository: https://prometheus-community.github.io/helm-charts
  version: 65.8.1
- name: minio
  repository: https://charts.min.io/
  version: 5.4.0
- name: loki
  repository: https://grafana.github.io/helm-charts
  version: 6.52.0
- name: alloy
  repository: https://grafana.github.io/helm-charts
  version: 1.11.1
- name: mimir-distributed
  repository: https://grafana.github.io/helm-charts
  version: 6.0.5
digest: sha256:2a0f04149fe986773f261b0c2d20674b930b26a6774aa539323ac50a2727666a
generated: "2026-08-17T07:27:55.494483813-04:00"
